
Microsoft Visual Studio Solution File, Format Version 12.00
# Visual Studio Version 17
VisualStudioVersion = 17.4.33213.308
MinimumVisualStudioVersion = 10.0.40219.1
Project("{FAE04EC0-301F-11D3-BF4B-00C04F79EFBC}") = "Letters Change Numbers", "Letters Change Numbers\Letters Change Numbers.csproj", "{B6E11D36-CCFB-413C-87DF-C877F58534A1}"
EndProject
Global
	GlobalSection(SolutionConfigurationPlatforms) = preSolution
		Debug|Any CPU = Debug|Any CPU
		Release|Any CPU = Release|Any CPU
	EndGlobalSection
	GlobalSection(ProjectConfigurationPlatforms) = postSolution
		{B6E11D36-CCFB-413C-87DF-C877F58534A1}.Debug|Any CPU.ActiveCfg = Debug|Any CPU
		{B6E11D36-CCFB-413C-87DF-C877F58534A1}.Debug|Any CPU.Build.0 = Debug|Any CPU
		{B6E11D36-CCFB-413C-87DF-C877F58534A1}.Release|Any CPU.ActiveCfg = Release|Any CPU
		{B6E11D36-CCFB-413C-87DF-C877F58534A1}.Release|Any CPU.Build.0 = Release|Any CPU
	EndGlobalSection
	GlobalSection(SolutionProperties) = preSolution
		HideSolutionNode = FALSE
	EndGlobalSection
	GlobalSection(ExtensibilityGlobals) = postSolution
		SolutionGuid = {B38E0049-ECFE-431D-9072-CE6FD0B1B873}
	EndGlobalSection
EndGlobal
